
Microsoft Visual Studio Solution File, Format Version 12.00
# Visual Studio Version 17
VisualStudioVersion = 17.14.36310.24
MinimumVisualStudioVersion = 10.0.40219.1
Project("{FAE04EC0-301F-11D3-BF4B-00C04F79EFBC}") = "RelevanceSiteStudyProject", "RelevanceSiteStudyProject\RelevanceSiteStudyProject.csproj", "{42B6E163-DBEC-4B94-84C1-3FDFD80B35FF}"
EndProject
Project("{FAE04EC0-301F-11D3-BF4B-00C04F79EFBC}") = "RelevanceSiteStudyProject.Core", "RelevanceSiteStudyProject.Core\RelevanceSiteStudyProject.Core.csproj", "{30A42144-895D-4951-8CC1-DB12CE849DF2}"
EndProject
Project("{FAE04EC0-301F-11D3-BF4B-00C04F79EFBC}") = "RelevanceSiteStudyProject.Infrasactructure", "RelevanceSiteStudyProject.Infrasactructure\RelevanceSiteStudyProject.Infrasactructure.csproj", "{2E0AE092-410E-4CA5-94E1-457E9363C415}"
EndProject
Project("{FAE04EC0-301F-11D3-BF4B-00C04F79EFBC}") = "RelevanceSiteStudyProject.API", "RelevanceSiteStudyProject.API\RelevanceSiteStudyProject.API.csproj", "{72CA15D4-3559-4987-A715-800A673001EC}"
EndProject
Project("{FAE04EC0-301F-11D3-BF4B-00C04F79EFBC}") = "RelevanceSiteStudy.Services", "RelevanceSiteStudy.BusinessLogic\RelevanceSiteStudy.Services.csproj", "{34C680A2-5AD7-45F4-8A95-FF9C00923B55}"
EndProject
Project("{FAE04EC0-301F-11D3-BF4B-00C04F79EFBC}") = "RelevanceSiteStudyProject.AppHost", "RelevanceSiteStudyProject.AppHost\RelevanceSiteStudyProject.AppHost.csproj", "{0E1427CD-0D75-432B-9E9C-65BBE9CF06D6}"
EndProject
Project("{FAE04EC0-301F-11D3-BF4B-00C04F79EFBC}") = "RelevanceSiteStudyProject.ServiceDefaults", "RelevanceSiteStudyProject.ServiceDefaults\RelevanceSiteStudyProject.ServiceDefaults.csproj", "{86CDBD4F-F0BF-2DCC-7D10-B0D3E6EFDF78}"
EndProject
Project("{FAE04EC0-301F-11D3-BF4B-00C04F79EFBC}") = "RelevanceSiteStudyProject.Tests", "RelevanceSiteStudyProject.Tests\RelevanceSiteStudyProject.Tests.csproj", "{94E2FCBA-5948-4F8D-9E76-EDAA94BD71D8}"
EndProject
Global
	GlobalSection(SolutionConfigurationPlatforms) = preSolution
		Debug|Any CPU = Debug|Any CPU
		Release|Any CPU = Release|Any CPU
	EndGlobalSection
	GlobalSection(ProjectConfigurationPlatforms) = postSolution
		{42B6E163-DBEC-4B94-84C1-3FDFD80B35FF}.Debug|Any CPU.ActiveCfg = Debug|Any CPU
		{42B6E163-DBEC-4B94-84C1-3FDFD80B35FF}.Debug|Any CPU.Build.0 = Debug|Any CPU
		{42B6E163-DBEC-4B94-84C1-3FDFD80B35FF}.Release|Any CPU.ActiveCfg = Release|Any CPU
		{42B6E163-DBEC-4B94-84C1-3FDFD80B35FF}.Release|Any CPU.Build.0 = Release|Any CPU
		{30A42144-895D-4951-8CC1-DB12CE849DF2}.Debug|Any CPU.ActiveCfg = Debug|Any CPU
		{30A42144-895D-4951-8CC1-DB12CE849DF2}.Debug|Any CPU.Build.0 = Debug|Any CPU
		{30A42144-895D-4951-8CC1-DB12CE849DF2}.Release|Any CPU.ActiveCfg = Release|Any CPU
		{30A42144-895D-4951-8CC1-DB12CE849DF2}.Release|Any CPU.Build.0 = Release|Any CPU
		{2E0AE092-410E-4CA5-94E1-457E9363C415}.Debug|Any CPU.ActiveCfg = Debug|Any CPU
		{2E0AE092-410E-4CA5-94E1-457E9363C415}.Debug|Any CPU.Build.0 = Debug|Any CPU
		{2E0AE092-410E-4CA5-94E1-457E9363C415}.Release|Any CPU.ActiveCfg = Release|Any CPU
		{2E0AE092-410E-4CA5-94E1-457E9363C415}.Release|Any CPU.Build.0 = Release|Any CPU
		{72CA15D4-3559-4987-A715-800A673001EC}.Debug|Any CPU.ActiveCfg = Debug|Any CPU
		{72CA15D4-3559-4987-A715-800A673001EC}.Debug|Any CPU.Build.0 = Debug|Any CPU
		{72CA15D4-3559-4987-A715-800A673001EC}.Release|Any CPU.ActiveCfg = Release|Any CPU
		{72CA15D4-3559-4987-A715-800A673001EC}.Release|Any CPU.Build.0 = Release|Any CPU
		{34C680A2-5AD7-45F4-8A95-FF9C00923B55}.Debug|Any CPU.ActiveCfg = Debug|Any CPU
		{34C680A2-5AD7-45F4-8A95-FF9C00923B55}.Debug|Any CPU.Build.0 = Debug|Any CPU
		{34C680A2-5AD7-45F4-8A95-FF9C00923B55}.Release|Any CPU.ActiveCfg = Release|Any CPU
		{34C680A2-5AD7-45F4-8A95-FF9C00923B55}.Release|Any CPU.Build.0 = Release|Any CPU
		{0E1427CD-0D75-432B-9E9C-65BBE9CF06D6}.Debug|Any CPU.ActiveCfg = Debug|Any CPU
		{0E1427CD-0D75-432B-9E9C-65BBE9CF06D6}.Debug|Any CPU.Build.0 = Debug|Any CPU
		{0E1427CD-0D75-432B-9E9C-65BBE9CF06D6}.Release|Any CPU.ActiveCfg = Release|Any CPU
		{0E1427CD-0D75-432B-9E9C-65BBE9CF06D6}.Release|Any CPU.Build.0 = Release|Any CPU
		{86CDBD4F-F0BF-2DCC-7D10-B0D3E6EFDF78}.Debug|Any CPU.ActiveCfg = Debug|Any CPU
		{86CDBD4F-F0BF-2DCC-7D10-B0D3E6EFDF78}.Debug|Any CPU.Build.0 = Debug|Any CPU
		{86CDBD4F-F0BF-2DCC-7D10-B0D3E6EFDF78}.Release|Any CPU.ActiveCfg = Release|Any CPU
		{86CDBD4F-F0BF-2DCC-7D10-B0D3E6EFDF78}.Release|Any CPU.Build.0 = Release|Any CPU
		{94E2FCBA-5948-4F8D-9E76-EDAA94BD71D8}.Debug|Any CPU.ActiveCfg = Debug|Any CPU
		{94E2FCBA-5948-4F8D-9E76-EDAA94BD71D8}.Debug|Any CPU.Build.0 = Debug|Any CPU
		{94E2FCBA-5948-4F8D-9E76-EDAA94BD71D8}.Release|Any CPU.ActiveCfg = Release|Any CPU
		{94E2FCBA-5948-4F8D-9E76-EDAA94BD71D8}.Release|Any CPU.Build.0 = Release|Any CPU
	EndGlobalSection
	GlobalSection(SolutionProperties) = preSolution
		HideSolutionNode = FALSE
	EndGlobalSection
	GlobalSection(ExtensibilityGlobals) = postSolution
		SolutionGuid = {3D336987-E821-476E-BE48-195B97CE4EEC}
	EndGlobalSection
EndGlobal
